// !$*UTF8*$!
{
	archiveVersion = 1;
	classes = {
	};
	objectVersion = 46;
	objects = {

/* Begin PBXBuildFile section */
		EE1DC2651B62BF710014E974 /* Node.cpp in Sources */ = {isa = PBXBuildFile; fileRef = EE1DC2631B62BF710014E974 /* Node.cpp */; };
		EE1DC2681B62C5AF0014E974 /* bptree.cpp in Sources */ = {isa = PBXBuildFile; fileRef = EE1DC2661B62C5AF0014E974 /* bptree.cpp */; };
		EE8396DC1B62BAFA0063475C /* main.cpp in Sources */ = {isa = PBXBuildFile; fileRef = EE8396DB1B62BAFA0063475C /* main.cpp */; };
/* End PBXBuildFile section */

/* Begin PBXCopyFilesBuildPhase section */
		EE8396D61B62BAFA0063475C /* CopyFiles */ = {
			isa = PBXCopyFilesBuildPhase;
			buildActionMask = 2147483647;
			dstPath = /usr/share/man/man1/;
			dstSubfolderSpec = 0;
			files = (
			);
			runOnlyForDeploymentPostprocessing = 1;
		};
/* End PBXCopyFilesBuildPhase section */

/* Begin PBXFileReference section */
		EE1DC2631B62BF710014E974 /* Node.cpp */ = {isa = PBXFileReference; fileEncoding = 4; lastKnownFileType = sourcecode.cpp.cpp; path = Node.cpp; sourceTree = "<group>"; };
		EE1DC2641B62BF710014E974 /* Node.h */ = {isa = PBXFileReference; fileEncoding = 4; lastKnownFileType = sourcecode.c.h; path = Node.h; sourceTree = "<group>"; };
		EE1DC2661B62C5AF0014E974 /* bptree.cpp */ = {isa = PBXFileReference; fileEncoding = 4; lastKnownFileType = sourcecode.cpp.cpp; path = bptree.cpp; sourceTree = "<group>"; };
		EE1DC2671B62C5AF0014E974 /* bptree.h */ = {isa = PBXFileReference; fileEncoding = 4; lastKnownFileType = sourcecode.c.h; path = bptree.h; sourceTree = "<group>"; };
		EE8396D81B62BAFA0063475C /* bptree */ = {isa = PBXFileReference; explicitFileType = "compiled.mach-o.executable"; includeInIndex = 0; path = bptree; sourceTree = BUILT_PRODUCTS_DIR; };
		EE8396DB1B62BAFA0063475C /* main.cpp */ = {isa = PBXFileReference; lastKnownFileType = sourcecode.cpp.cpp; path = main.cpp; sourceTree = "<group>"; };
/* End PBXFileReference section */

/* Begin PBXFrameworksBuildPhase section */
		EE8396D51B62BAFA0063475C /* Frameworks */ = {
			isa = PBXFrameworksBuildPhase;
			buildActionMask = 2147483647;
			files = (
			);
			runOnlyForDeploymentPostprocessing = 0;
		};
/* End PBXFrameworksBuildPhase section */

/* Begin PBXGroup section */
		EE8396CF1B62BAFA0063475C = {
			isa = PBXGroup;
			children = (
				EE8396DA1B62BAFA0063475C /* bptree */,
				EE8396D91B62BAFA0063475C /* Products */,
			);
			sourceTree = "<group>";
		};
		EE8396D91B62BAFA0063475C /* Products */ = {
			isa = PBXGroup;
			children = (
				EE8396D81B62BAFA0063475C /* bptree */,
			);
			name = Products;
			sourceTree = "<group>";
		};
		EE8396DA1B62BAFA0063475C /* bptree */ = {
			isa = PBXGroup;
			children = (
				EE8396DB1B62BAFA0063475C /* main.cpp */,
				EE1DC2631B62BF710014E974 /* Node.cpp */,
				EE1DC2641B62BF710014E974 /* Node.h */,
				EE1DC2661B62C5AF0014E974 /* bptree.cpp */,
				EE1DC2671B62C5AF0014E974 /* bptree.h */,
			);
			path = bptree;
			sourceTree = "<group>";
		};
/* End PBXGroup section */

/* Begin PBXNativeTarget section */
		EE8396D71B62BAFA0063475C /* bptree */ = {
			isa = PBXNativeTarget;
			buildConfigurationList = EE8396DF1B62BAFA0063475C /* Build configuration list for PBXNativeTarget "bptree" */;
			buildPhases = (
				EE8396D41B62BAFA0063475C /* Sources */,
				EE8396D51B62BAFA0063475C /* Frameworks */,
				EE8396D61B62BAFA0063475C /* CopyFiles */,
			);
			buildRules = (
			);
			dependencies = (
			);
			name = bptree;
			productName = bptree;
			productReference = EE8396D81B62BAFA0063475C /* bptree */;
			productType = "com.apple.product-type.tool";
		};
/* End PBXNativeTarget section */

/* Begin PBXProject section */
		EE8396D01B62BAFA0063475C /* Project object */ = {
			isa = PBXProject;
			attributes = {
				LastUpgradeCheck = 0620;
				ORGANIZATIONNAME = "Tyler Wong";
				TargetAttributes = {
					EE8396D71B62BAFA0063475C = {
						CreatedOnToolsVersion = 6.2;
					};
				};
			};
			buildConfigurationList = EE8396D31B62BAFA0063475C /* Build configuration list for PBXProject "bptree" */;
			compatibilityVersion = "Xcode 3.2";
			developmentRegion = English;
			hasScannedForEncodings = 0;
			knownRegions = (
				en,
			);
			mainGroup = EE8396CF1B62BAFA0063475C;
			productRefGroup = EE8396D91B62BAFA0063475C /* Products */;
			projectDirPath = "";
			projectRoot = "";
			targets = (
				EE8396D71B62BAFA0063475C /* bptree */,
			);
		};
/* End PBXProject section */

/* Begin PBXSourcesBuildPhase section */
		EE8396D41B62BAFA0063475C /* Sources */ = {
			isa = PBXSourcesBuildPhase;
			buildActionMask = 2147483647;
			files = (
				EE8396DC1B62BAFA0063475C /* main.cpp in Sources */,
				EE1DC2681B62C5AF0014E974 /* bptree.cpp in Sources */,
				EE1DC2651B62BF710014E974 /* Node.cpp in Sources */,
			);
			runOnlyForDeploymentPostprocessing = 0;
		};
/* End PBXSourcesBuildPhase section */

/* Begin XCBuildConfiguration section */
		EE8396DD1B62BAFA0063475C /* Debug */ = {
			isa = XCBuildConfiguration;
			buildSettings = {
				ALWAYS_SEARCH_USER_PATHS = NO;
				CLANG_CXX_LANGUAGE_STANDARD = "gnu++0x";
				CLANG_CXX_LIBRARY = "libc++";
				CLANG_ENABLE_MODULES = YES;
				CLANG_ENABLE_OBJC_ARC = YES;
				CLANG_WARN_BOOL_CONVERSION = YES;
				CLANG_WARN_CONSTANT_CONVERSION = YES;
				CLANG_WARN_DIRECT_OBJC_ISA_USAGE = YES_ERROR;
				CLANG_WARN_EMPTY_BODY = YES;
				CLANG_WARN_ENUM_CONVERSION = YES;
				CLANG_WARN_INT_CONVERSION = YES;
				CLANG_WARN_OBJC_ROOT_CLASS = YES_ERROR;
				CLANG_WARN_UNREACHABLE_CODE = YES;
				CLANG_WARN__DUPLICATE_METHOD_MATCH = YES;
				COPY_PHASE_STRIP = NO;
				ENABLE_STRICT_OBJC_MSGSEND = YES;
				GCC_C_LANGUAGE_STANDARD = gnu99;
				GCC_DYNAMIC_NO_PIC = NO;
				GCC_OPTIMIZATION_LEVEL = 0;
				GCC_PREPROCESSOR_DEFINITIONS = (
					"DEBUG=1",
					"$(inherited)",
				);
				GCC_SYMBOLS_PRIVATE_EXTERN = NO;
				GCC_WARN_64_TO_32_BIT_CONVERSION = YES;
				GCC_WARN_ABOUT_RETURN_TYPE = YES_ERROR;
				GCC_WARN_UNDECLARED_SELECTOR = YES;
				GCC_WARN_UNINITIALIZED_AUTOS = YES_AGGRESSIVE;
				GCC_WARN_UNUSED_FUNCTION = YES;
				GCC_WARN_UNUSED_VARIABLE = YES;
				MACOSX_DEPLOYMENT_TARGET = 10.10;
				MTL_ENABLE_DEBUG_INFO = YES;
				ONLY_ACTIVE_ARCH = YES;
				SDKROOT = macosx;
			};
			name = Debug;
		};
		EE8396DE1B62BAFA0063475C /* Release */ = {
			isa = XCBuildConfiguration;
			buildSettings = {
				ALWAYS_SEARCH_USER_PATHS = NO;
				CLANG_CXX_LANGUAGE_STANDARD = "gnu++0x";
				CLANG_CXX_LIBRARY = "libc++";
				CLANG_ENABLE_MODULES = YES;
				CLANG_ENABLE_OBJC_ARC = YES;
				CLANG_WARN_BOOL_CONVERSION = YES;
				CLANG_WARN_CONSTANT_CONVERSION = YES;
				CLANG_WARN_DIRECT_OBJC_ISA_USAGE = YES_ERROR;
				CLANG_WARN_EMPTY_BODY = YES;
				CLANG_WARN_ENUM_CONVERSION = YES;
				CLANG_WARN_INT_CONVERSION = YES;
				CLANG_WARN_OBJC_ROOT_CLASS = YES_ERROR;
				CLANG_WARN_UNREACHABLE_CODE = YES;
				CLANG_WARN__DUPLICATE_METHOD_MATCH = YES;
				COPY_PHASE_STRIP = NO;
				DEBUG_INFORMATION_FORMAT = "dwarf-with-dsym";
				ENABLE_NS_ASSERTIONS = NO;
				ENABLE_STRICT_OBJC_MSGSEND = YES;
				GCC_C_LANGUAGE_STANDARD = gnu99;
				GCC_WARN_64_TO_32_BIT_CONVERSION = YES;
				GCC_WARN_ABOUT_RETURN_TYPE = YES_ERROR;
				GCC_WARN_UNDECLARED_SELECTOR = YES;
				GCC_WARN_UNINITIALIZED_AUTOS = YES_AGGRESSIVE;
				GCC_WARN_UNUSED_FUNCTION = YES;
				GCC_WARN_UNUSED_VARIABLE = YES;
				MACOSX_DEPLOYMENT_TARGET = 10.10;
				MTL_ENABLE_DEBUG_INFO = NO;
				SDKROOT = macosx;
			};
			name = Release;
		};
		EE8396E01B62BAFA0063475C /* Debug */ = {
			isa = XCBuildConfiguration;
			buildSettings = {
				PRODUCT_NAME = "$(TARGET_NAME)";
			};
			name = Debug;
		};
		EE8396E11B62BAFA0063475C /* Release */ = {
			isa = XCBuildConfiguration;
			buildSettings = {
				PRODUCT_NAME = "$(TARGET_NAME)";
			};
			name = Release;
		};
/* End XCBuildConfiguration section */

/* Begin XCConfigurationList section */
		EE8396D31B62BAFA0063475C /* Build configuration list for PBXProject "bptree" */ = {
			isa = XCConfigurationList;
			buildConfigurations = (
				EE8396DD1B62BAFA0063475C /* Debug */,
				EE8396DE1B62BAFA0063475C /* Release */,
			);
			defaultConfigurationIsVisible = 0;
			defaultConfigurationName = Release;
		};
		EE8396DF1B62BAFA0063475C /* Build configuration list for PBXNativeTarget "bptree" */ = {
			isa = XCConfigurationList;
			buildConfigurations = (
				EE8396E01B62BAFA0063475C /* Debug */,
				EE8396E11B62BAFA0063475C /* Release */,
			);
			defaultConfigurationIsVisible = 0;
			defaultConfigurationName = Release;
		};
/* End XCConfigurationList section */
	};
	rootObject = EE8396D01B62BAFA0063475C /* Project object */;
}
